
Microsoft Visual Studio Solution File, Format Version 12.00
# Visual Studio 2013
VisualStudioVersion = 12.0.31101.0
MinimumVisualStudioVersion = 10.0.40219.1
Project("{FAE04EC0-301F-11D3-BF4B-00C04F79EFBC}") = "SharpUpdate", "SharpUpdate\SharpUpdate.csproj", "{D1899705-EE3D-4985-8D98-DF04AB208E4A}"
EndProject
Project("{FAE04EC0-301F-11D3-BF4B-00C04F79EFBC}") = "LauncherAplicacion", "LauncherAplicacion\LauncherAplicacion.csproj", "{38793F1E-6876-4121-A442-545C708D7A6A}"
EndProject
Global
	GlobalSection(SolutionConfigurationPlatforms) = preSolution
		Debug|Any CPU = Debug|Any CPU
		Release|Any CPU = Release|Any CPU
	EndGlobalSection
	GlobalSection(ProjectConfigurationPlatforms) = postSolution
		{D1899705-EE3D-4985-8D98-DF04AB208E4A}.Debug|Any CPU.ActiveCfg = Debug|Any CPU
		{D1899705-EE3D-4985-8D98-DF04AB208E4A}.Debug|Any CPU.Build.0 = Debug|Any CPU
		{D1899705-EE3D-4985-8D98-DF04AB208E4A}.Release|Any CPU.ActiveCfg = Release|Any CPU
		{D1899705-EE3D-4985-8D98-DF04AB208E4A}.Release|Any CPU.Build.0 = Release|Any CPU
		{38793F1E-6876-4121-A442-545C708D7A6A}.Debug|Any CPU.ActiveCfg = Debug|Any CPU
		{38793F1E-6876-4121-A442-545C708D7A6A}.Debug|Any CPU.Build.0 = Debug|Any CPU
		{38793F1E-6876-4121-A442-545C708D7A6A}.Release|Any CPU.ActiveCfg = Release|Any CPU
		{38793F1E-6876-4121-A442-545C708D7A6A}.Release|Any CPU.Build.0 = Release|Any CPU
	EndGlobalSection
	GlobalSection(SolutionProperties) = preSolution
		HideSolutionNode = FALSE
	EndGlobalSection
EndGlobal
